// !$*UTF8*$!
{
	archiveVersion = 1;
	classes = {
	};
	objectVersion = 77;
	objects = {

/* Begin PBXBuildFile section */
		2F49FD9F2F1C20B000B630EF /* Zoomable in Frameworks */ = {isa = PBXBuildFile; productRef = 2F49FD9E2F1C20B000B630EF /* Zoomable */; };
		2F68C7A72EF6374B000D9C1B /* Functions in Frameworks */ = {isa = PBXBuildFile; productRef = 2F68C7A62EF6374B000D9C1B /* Functions */; };
		2FBC28552EF56A8500BEF981 /* Auth in Frameworks */ = {isa = PBXBuildFile; productRef = 2FBC28542EF56A8500BEF981 /* Auth */; };
		2FBC28572EF56A8500BEF981 /* PostgREST in Frameworks */ = {isa = PBXBuildFile; productRef = 2FBC28562EF56A8500BEF981 /* PostgREST */; };
		2FBC28592EF56A8500BEF981 /* Storage in Frameworks */ = {isa = PBXBuildFile; productRef = 2FBC28582EF56A8500BEF981 /* Storage */; };
		2FBC285C2EF56AE600BEF981 /* SpotifyiOS in Frameworks */ = {isa = PBXBuildFile; productRef = 2FBC285B2EF56AE600BEF981 /* SpotifyiOS */; };
		2FBC28632EF56C3D00BEF981 /* Supabase in Frameworks */ = {isa = PBXBuildFile; productRef = 2FBC28622EF56C3D00BEF981 /* Supabase */; };
		87D2DAAD2F3BA0EC0002C037 /* ConcertJournalShareExtension.appex in Embed Foundation Extensions */ = {isa = PBXBuildFile; fileRef = 87D2DAA12F3BA0EC0002C037 /* ConcertJournalShareExtension.appex */; settings = {ATTRIBUTES = (RemoveHeadersOnCopy, ); }; };
/* End PBXBuildFile section */

/* Begin PBXContainerItemProxy section */
		2FBC28372EF568CE00BEF981 /* PBXContainerItemProxy */ = {
			isa = PBXContainerItemProxy;
			containerPortal = 2FBC28212EF568CC00BEF981 /* Project object */;
			proxyType = 1;
			remoteGlobalIDString = 2FBC28282EF568CC00BEF981;
			remoteInfo = concertjournal;
		};
		2FBC28412EF568CE00BEF981 /* PBXContainerItemProxy */ = {
			isa = PBXContainerItemProxy;
			containerPortal = 2FBC28212EF568CC00BEF981 /* Project object */;
			proxyType = 1;
			remoteGlobalIDString = 2FBC28282EF568CC00BEF981;
			remoteInfo = concertjournal;
		};
		87D2DAAB2F3BA0EC0002C037 /* PBXContainerItemProxy */ = {
			isa = PBXContainerItemProxy;
			containerPortal = 2FBC28212EF568CC00BEF981 /* Project object */;
			proxyType = 1;
			remoteGlobalIDString = 87D2DAA02F3BA0EC0002C037;
			remoteInfo = ConcertJournalShareExtension;
		};
/* End PBXContainerItemProxy section */

/* Begin PBXCopyFilesBuildPhase section */
		87D2DAB22F3BA0EC0002C037 /* Embed Foundation Extensions */ = {
			isa = PBXCopyFilesBuildPhase;
			buildActionMask = 2147483647;
			dstPath = "";
			dstSubfolderSpec = 13;
			files = (
				87D2DAAD2F3BA0EC0002C037 /* ConcertJournalShareExtension.appex in Embed Foundation Extensions */,
			);
			name = "Embed Foundation Extensions";
			runOnlyForDeploymentPostprocessing = 0;
		};
/* End PBXCopyFilesBuildPhase section */

/* Begin PBXFileReference section */
		2FBC28292EF568CC00BEF981 /* concertjournal.app */ = {isa = PBXFileReference; explicitFileType = wrapper.application; includeInIndex = 0; path = concertjournal.app; sourceTree = BUILT_PRODUCTS_DIR; };
		2FBC28362EF568CE00BEF981 /* concertjournalTests.xctest */ = {isa = PBXFileReference; explicitFileType = wrapper.cfbundle; includeInIndex = 0; path = concertjournalTests.xctest; sourceTree = BUILT_PRODUCTS_DIR; };
		2FBC28402EF568CE00BEF981 /* concertjournalUITests.xctest */ = {isa = PBXFileReference; explicitFileType = wrapper.cfbundle; includeInIndex = 0; path = concertjournalUITests.xctest; sourceTree = BUILT_PRODUCTS_DIR; };
		87D2DAA12F3BA0EC0002C037 /* ConcertJournalShareExtension.appex */ = {isa = PBXFileReference; explicitFileType = "wrapper.app-extension"; includeInIndex = 0; path = ConcertJournalShareExtension.appex; sourceTree = BUILT_PRODUCTS_DIR; };
/* End PBXFileReference section */

/* Begin PBXFileSystemSynchronizedBuildFileExceptionSet section */
		8720D7A52F2E43790074ACE6 /* Exceptions for "concertjournal" folder in "concertjournal" target */ = {
			isa = PBXFileSystemSynchronizedBuildFileExceptionSet;
			membershipExceptions = (
				Info.plist,
			);
			target = 2FBC28282EF568CC00BEF981 /* concertjournal */;
		};
		87D2DAB12F3BA0EC0002C037 /* Exceptions for "ConcertJournalShareExtension" folder in "ConcertJournalShareExtension" target */ = {
			isa = PBXFileSystemSynchronizedBuildFileExceptionSet;
			membershipExceptions = (
				Info.plist,
			);
			target = 87D2DAA02F3BA0EC0002C037 /* ConcertJournalShareExtension */;
		};
/* End PBXFileSystemSynchronizedBuildFileExceptionSet section */

/* Begin PBXFileSystemSynchronizedRootGroup section */
		2FBC282B2EF568CC00BEF981 /* concertjournal */ = {
			isa = PBXFileSystemSynchronizedRootGroup;
			exceptions = (
				8720D7A52F2E43790074ACE6 /* Exceptions for "concertjournal" folder in "concertjournal" target */,
			);
			path = concertjournal;
			sourceTree = "<group>";
		};
		2FBC28392EF568CE00BEF981 /* concertjournalTests */ = {
			isa = PBXFileSystemSynchronizedRootGroup;
			path = concertjournalTests;
			sourceTree = "<group>";
		};
		2FBC28432EF568CE00BEF981 /* concertjournalUITests */ = {
			isa = PBXFileSystemSynchronizedRootGroup;
			path = concertjournalUITests;
			sourceTree = "<group>";
		};
		87D2DAA22F3BA0EC0002C037 /* ConcertJournalShareExtension */ = {
			isa = PBXFileSystemSynchronizedRootGroup;
			exceptions = (
				87D2DAB12F3BA0EC0002C037 /* Exceptions for "ConcertJournalShareExtension" folder in "ConcertJournalShareExtension" target */,
			);
			path = ConcertJournalShareExtension;
			sourceTree = "<group>";
		};
/* End PBXFileSystemSynchronizedRootGroup section */

/* Begin PBXFrameworksBuildPhase section */
		2FBC28262EF568CC00BEF981 /* Frameworks */ = {
			isa = PBXFrameworksBuildPhase;
			buildActionMask = 2147483647;
			files = (
				2F68C7A72EF6374B000D9C1B /* Functions in Frameworks */,
				2F49FD9F2F1C20B000B630EF /* Zoomable in Frameworks */,
				2FBC28632EF56C3D00BEF981 /* Supabase in Frameworks */,
				2FBC28592EF56A8500BEF981 /* Storage in Frameworks */,
				2FBC28572EF56A8500BEF981 /* PostgREST in Frameworks */,
				2FBC28552EF56A8500BEF981 /* Auth in Frameworks */,
				2FBC285C2EF56AE600BEF981 /* SpotifyiOS in Frameworks */,
			);
			runOnlyForDeploymentPostprocessing = 0;
		};
		2FBC28332EF568CE00BEF981 /* Frameworks */ = {
			isa = PBXFrameworksBuildPhase;
			buildActionMask = 2147483647;
			files = (
			);
			runOnlyForDeploymentPostprocessing = 0;
		};
		2FBC283D2EF568CE00BEF981 /* Frameworks */ = {
			isa = PBXFrameworksBuildPhase;
			buildActionMask = 2147483647;
			files = (
			);
			runOnlyForDeploymentPostprocessing = 0;
		};
		87D2DA9E2F3BA0EC0002C037 /* Frameworks */ = {
			isa = PBXFrameworksBuildPhase;
			buildActionMask = 2147483647;
			files = (
			);
			runOnlyForDeploymentPostprocessing = 0;
		};
/* End PBXFrameworksBuildPhase section */

/* Begin PBXGroup section */
		2FBC28202EF568CC00BEF981 = {
			isa = PBXGroup;
			children = (
				2FBC282B2EF568CC00BEF981 /* concertjournal */,
				2FBC28392EF568CE00BEF981 /* concertjournalTests */,
				2FBC28432EF568CE00BEF981 /* concertjournalUITests */,
				87D2DAA22F3BA0EC0002C037 /* ConcertJournalShareExtension */,
				2FBC28612EF56C3D00BEF981 /* Frameworks */,
				2FBC282A2EF568CC00BEF981 /* Products */,
			);
			sourceTree = "<group>";
		};
		2FBC282A2EF568CC00BEF981 /* Products */ = {
			isa = PBXGroup;
			children = (
				2FBC28292EF568CC00BEF981 /* concertjournal.app */,
				2FBC28362EF568CE00BEF981 /* concertjournalTests.xctest */,
				2FBC28402EF568CE00BEF981 /* concertjournalUITests.xctest */,
				87D2DAA12F3BA0EC0002C037 /* ConcertJournalShareExtension.appex */,
			);
			name = Products;
			sourceTree = "<group>";
		};
		2FBC28612EF56C3D00BEF981 /* Frameworks */ = {
			isa = PBXGroup;
			children = (
			);
			name = Frameworks;
			sourceTree = "<group>";
		};
/* End PBXGroup section */

/* Begin PBXNativeTarget section */
		2FBC28282EF568CC00BEF981 /* concertjournal */ = {
			isa = PBXNativeTarget;
			buildConfigurationList = 2FBC284A2EF568CE00BEF981 /* Build configuration list for PBXNativeTarget "concertjournal" */;
			buildPhases = (
				2FBC28252EF568CC00BEF981 /* Sources */,
				2FBC28262EF568CC00BEF981 /* Frameworks */,
				2FBC28272EF568CC00BEF981 /* Resources */,
				87D2DAB22F3BA0EC0002C037 /* Embed Foundation Extensions */,
			);
			buildRules = (
			);
			dependencies = (
				87D2DAAC2F3BA0EC0002C037 /* PBXTargetDependency */,
			);
			fileSystemSynchronizedGroups = (
				2FBC282B2EF568CC00BEF981 /* concertjournal */,
			);
			name = concertjournal;
			packageProductDependencies = (
				2FBC28542EF56A8500BEF981 /* Auth */,
				2FBC28562EF56A8500BEF981 /* PostgREST */,
				2FBC28582EF56A8500BEF981 /* Storage */,
				2FBC285B2EF56AE600BEF981 /* SpotifyiOS */,
				2FBC28622EF56C3D00BEF981 /* Supabase */,
				2F68C7A62EF6374B000D9C1B /* Functions */,
				2F49FD9E2F1C20B000B630EF /* Zoomable */,
			);
			productName = concertjournal;
			productReference = 2FBC28292EF568CC00BEF981 /* concertjournal.app */;
			productType = "com.apple.product-type.application";
		};
		2FBC28352EF568CE00BEF981 /* concertjournalTests */ = {
			isa = PBXNativeTarget;
			buildConfigurationList = 2FBC284D2EF568CE00BEF981 /* Build configuration list for PBXNativeTarget "concertjournalTests" */;
			buildPhases = (
				2FBC28322EF568CE00BEF981 /* Sources */,
				2FBC28332EF568CE00BEF981 /* Frameworks */,
				2FBC28342EF568CE00BEF981 /* Resources */,
			);
			buildRules = (
			);
			dependencies = (
				2FBC28382EF568CE00BEF981 /* PBXTargetDependency */,
			);
			fileSystemSynchronizedGroups = (
				2FBC28392EF568CE00BEF981 /* concertjournalTests */,
			);
			name = concertjournalTests;
			packageProductDependencies = (
			);
			productName = concertjournalTests;
			productReference = 2FBC28362EF568CE00BEF981 /* concertjournalTests.xctest */;
			productType = "com.apple.product-type.bundle.unit-test";
		};
		2FBC283F2EF568CE00BEF981 /* concertjournalUITests */ = {
			isa = PBXNativeTarget;
			buildConfigurationList = 2FBC28502EF568CE00BEF981 /* Build configuration list for PBXNativeTarget "concertjournalUITests" */;
			buildPhases = (
				2FBC283C2EF568CE00BEF981 /* Sources */,
				2FBC283D2EF568CE00BEF981 /* Frameworks */,
				2FBC283E2EF568CE00BEF981 /* Resources */,
			);
			buildRules = (
			);
			dependencies = (
				2FBC28422EF568CE00BEF981 /* PBXTargetDependency */,
			);
			fileSystemSynchronizedGroups = (
				2FBC28432EF568CE00BEF981 /* concertjournalUITests */,
			);
			name = concertjournalUITests;
			packageProductDependencies = (
			);
			productName = concertjournalUITests;
			productReference = 2FBC28402EF568CE00BEF981 /* concertjournalUITests.xctest */;
			productType = "com.apple.product-type.bundle.ui-testing";
		};
		87D2DAA02F3BA0EC0002C037 /* ConcertJournalShareExtension */ = {
			isa = PBXNativeTarget;
			buildConfigurationList = 87D2DAAE2F3BA0EC0002C037 /* Build configuration list for PBXNativeTarget "ConcertJournalShareExtension" */;
			buildPhases = (
				87D2DA9D2F3BA0EC0002C037 /* Sources */,
				87D2DA9E2F3BA0EC0002C037 /* Frameworks */,
				87D2DA9F2F3BA0EC0002C037 /* Resources */,
			);
			buildRules = (
			);
			dependencies = (
			);
			fileSystemSynchronizedGroups = (
				87D2DAA22F3BA0EC0002C037 /* ConcertJournalShareExtension */,
			);
			name = ConcertJournalShareExtension;
			packageProductDependencies = (
			);
			productName = ConcertJournalShareExtension;
			productReference = 87D2DAA12F3BA0EC0002C037 /* ConcertJournalShareExtension.appex */;
			productType = "com.apple.product-type.app-extension";
		};
/* End PBXNativeTarget section */

/* Begin PBXProject section */
		2FBC28212EF568CC00BEF981 /* Project object */ = {
			isa = PBXProject;
			attributes = {
				BuildIndependentTargetsInParallel = 1;
				LastSwiftUpdateCheck = 2620;
				LastUpgradeCheck = 2620;
				TargetAttributes = {
					2FBC28282EF568CC00BEF981 = {
						CreatedOnToolsVersion = 26.2;
					};
					2FBC28352EF568CE00BEF981 = {
						CreatedOnToolsVersion = 26.2;
						TestTargetID = 2FBC28282EF568CC00BEF981;
					};
					2FBC283F2EF568CE00BEF981 = {
						CreatedOnToolsVersion = 26.2;
						TestTargetID = 2FBC28282EF568CC00BEF981;
					};
					87D2DAA02F3BA0EC0002C037 = {
						CreatedOnToolsVersion = 26.2;
					};
				};
			};
			buildConfigurationList = 2FBC28242EF568CC00BEF981 /* Build configuration list for PBXProject "concertjournal" */;
			developmentRegion = en;
			hasScannedForEncodings = 0;
			knownRegions = (
				en,
				Base,
			);
			mainGroup = 2FBC28202EF568CC00BEF981;
			minimizedProjectReferenceProxies = 1;
			packageReferences = (
				2FBC28532EF56A8500BEF981 /* XCRemoteSwiftPackageReference "supabase-swift" */,
				2FBC285A2EF56AE600BEF981 /* XCRemoteSwiftPackageReference "ios-sdk" */,
				2F49FD9D2F1C20B000B630EF /* XCRemoteSwiftPackageReference "Zoomable" */,
			);
			preferredProjectObjectVersion = 77;
			productRefGroup = 2FBC282A2EF568CC00BEF981 /* Products */;
			projectDirPath = "";
			projectRoot = "";
			targets = (
				2FBC28282EF568CC00BEF981 /* concertjournal */,
				2FBC28352EF568CE00BEF981 /* concertjournalTests */,
				2FBC283F2EF568CE00BEF981 /* concertjournalUITests */,
				87D2DAA02F3BA0EC0002C037 /* ConcertJournalShareExtension */,
			);
		};
/* End PBXProject section */

/* Begin PBXResourcesBuildPhase section */
		2FBC28272EF568CC00BEF981 /* Resources */ = {
			isa = PBXResourcesBuildPhase;
			buildActionMask = 2147483647;
			files = (
			);
			runOnlyForDeploymentPostprocessing = 0;
		};
		2FBC28342EF568CE00BEF981 /* Resources */ = {
			isa = PBXResourcesBuildPhase;
			buildActionMask = 2147483647;
			files = (
			);
			runOnlyForDeploymentPostprocessing = 0;
		};
		2FBC283E2EF568CE00BEF981 /* Resources */ = {
			isa = PBXResourcesBuildPhase;
			buildActionMask = 2147483647;
			files = (
			);
			runOnlyForDeploymentPostprocessing = 0;
		};
		87D2DA9F2F3BA0EC0002C037 /* Resources */ = {
			isa = PBXResourcesBuildPhase;
			buildActionMask = 2147483647;
			files = (
			);
			runOnlyForDeploymentPostprocessing = 0;
		};
/* End PBXResourcesBuildPhase section */

/* Begin PBXSourcesBuildPhase section */
		2FBC28252EF568CC00BEF981 /* Sources */ = {
			isa = PBXSourcesBuildPhase;
			buildActionMask = 2147483647;
			files = (
			);
			runOnlyForDeploymentPostprocessing = 0;
		};
		2FBC28322EF568CE00BEF981 /* Sources */ = {
			isa = PBXSourcesBuildPhase;
			buildActionMask = 2147483647;
			files = (
			);
			runOnlyForDeploymentPostprocessing = 0;
		};
		2FBC283C2EF568CE00BEF981 /* Sources */ = {
			isa = PBXSourcesBuildPhase;
			buildActionMask = 2147483647;
			files = (
			);
			runOnlyForDeploymentPostprocessing = 0;
		};
		87D2DA9D2F3BA0EC0002C037 /* Sources */ = {
			isa = PBXSourcesBuildPhase;
			buildActionMask = 2147483647;
			files = (
			);
			runOnlyForDeploymentPostprocessing = 0;
		};
/* End PBXSourcesBuildPhase section */

/* Begin PBXTargetDependency section */
		2FBC28382EF568CE00BEF981 /* PBXTargetDependency */ = {
			isa = PBXTargetDependency;
			target = 2FBC28282EF568CC00BEF981 /* concertjournal */;
			targetProxy = 2FBC28372EF568CE00BEF981 /* PBXContainerItemProxy */;
		};
		2FBC28422EF568CE00BEF981 /* PBXTargetDependency */ = {
			isa = PBXTargetDependency;
			target = 2FBC28282EF568CC00BEF981 /* concertjournal */;
			targetProxy = 2FBC28412EF568CE00BEF981 /* PBXContainerItemProxy */;
		};
		87D2DAAC2F3BA0EC0002C037 /* PBXTargetDependency */ = {
			isa = PBXTargetDependency;
			target = 87D2DAA02F3BA0EC0002C037 /* ConcertJournalShareExtension */;
			targetProxy = 87D2DAAB2F3BA0EC0002C037 /* PBXContainerItemProxy */;
		};
/* End PBXTargetDependency section */

/* Begin XCBuildConfiguration section */
		2FBC28482EF568CE00BEF981 /* Debug */ = {
			isa = XCBuildConfiguration;
			buildSettings = {
				ALWAYS_SEARCH_USER_PATHS = NO;
				ASSETCATALOG_COMPILER_GENERATE_SWIFT_ASSET_SYMBOL_EXTENSIONS = YES;
				CLANG_ANALYZER_NONNULL = YES;
				CLANG_ANALYZER_NUMBER_OBJECT_CONVERSION = YES_AGGRESSIVE;
				CLANG_CXX_LANGUAGE_STANDARD = "gnu++20";
				CLANG_ENABLE_MODULES = YES;
				CLANG_ENABLE_OBJC_ARC = YES;
				CLANG_ENABLE_OBJC_WEAK = YES;
				CLANG_WARN_BLOCK_CAPTURE_AUTORELEASING = YES;
				CLANG_WARN_BOOL_CONVERSION = YES;
				CLANG_WARN_COMMA = YES;
				CLANG_WARN_CONSTANT_CONVERSION = YES;
				CLANG_WARN_DEPRECATED_OBJC_IMPLEMENTATIONS = YES;
				CLANG_WARN_DIRECT_OBJC_ISA_USAGE = YES_ERROR;
				CLANG_WARN_DOCUMENTATION_COMMENTS = YES;
				CLANG_WARN_EMPTY_BODY = YES;
				CLANG_WARN_ENUM_CONVERSION = YES;
				CLANG_WARN_INFINITE_RECURSION = YES;
				CLANG_WARN_INT_CONVERSION = YES;
				CLANG_WARN_NON_LITERAL_NULL_CONVERSION = YES;
				CLANG_WARN_OBJC_IMPLICIT_RETAIN_SELF = YES;
				CLANG_WARN_OBJC_LITERAL_CONVERSION = YES;
				CLANG_WARN_OBJC_ROOT_CLASS = YES_ERROR;
				CLANG_WARN_QUOTED_INCLUDE_IN_FRAMEWORK_HEADER = YES;
				CLANG_WARN_RANGE_LOOP_ANALYSIS = YES;
				CLANG_WARN_STRICT_PROTOTYPES = YES;
				CLANG_WARN_SUSPICIOUS_MOVE = YES;
				CLANG_WARN_UNGUARDED_AVAILABILITY = YES_AGGRESSIVE;
				CLANG_WARN_UNREACHABLE_CODE = YES;
				CLANG_WARN__DUPLICATE_METHOD_MATCH = YES;
				COPY_PHASE_STRIP = NO;
				DEBUG_INFORMATION_FORMAT = dwarf;
				DEVELOPMENT_TEAM = 846WZ8H33D;
				ENABLE_STRICT_OBJC_MSGSEND = YES;
				ENABLE_TESTABILITY = YES;
				ENABLE_USER_SCRIPT_SANDBOXING = YES;
				GCC_C_LANGUAGE_STANDARD = gnu17;
				GCC_DYNAMIC_NO_PIC = NO;
				GCC_NO_COMMON_BLOCKS = YES;
				GCC_OPTIMIZATION_LEVEL = 0;
				GCC_PREPROCESSOR_DEFINITIONS = (
					"DEBUG=1",
					"$(inherited)",
				);
				GCC_WARN_64_TO_32_BIT_CONVERSION = YES;
				GCC_WARN_ABOUT_RETURN_TYPE = YES_ERROR;
				GCC_WARN_UNDECLARED_SELECTOR = YES;
				GCC_WARN_UNINITIALIZED_AUTOS = YES_AGGRESSIVE;
				GCC_WARN_UNUSED_FUNCTION = YES;
				GCC_WARN_UNUSED_VARIABLE = YES;
				LOCALIZATION_PREFERS_STRING_CATALOGS = YES;
				MTL_ENABLE_DEBUG_INFO = INCLUDE_SOURCE;
				MTL_FAST_MATH = YES;
				ONLY_ACTIVE_ARCH = YES;
				SWIFT_ACTIVE_COMPILATION_CONDITIONS = "DEBUG $(inherited)";
				SWIFT_OPTIMIZATION_LEVEL = "-Onone";
			};
			name = Debug;
		};
		2FBC28492EF568CE00BEF981 /* Release */ = {
			isa = XCBuildConfiguration;
			buildSettings = {
				ALWAYS_SEARCH_USER_PATHS = NO;
				ASSETCATALOG_COMPILER_GENERATE_SWIFT_ASSET_SYMBOL_EXTENSIONS = YES;
				CLANG_ANALYZER_NONNULL = YES;
				CLANG_ANALYZER_NUMBER_OBJECT_CONVERSION = YES_AGGRESSIVE;
				CLANG_CXX_LANGUAGE_STANDARD = "gnu++20";
				CLANG_ENABLE_MODULES = YES;
				CLANG_ENABLE_OBJC_ARC = YES;
				CLANG_ENABLE_OBJC_WEAK = YES;
				CLANG_WARN_BLOCK_CAPTURE_AUTORELEASING = YES;
				CLANG_WARN_BOOL_CONVERSION = YES;
				CLANG_WARN_COMMA = YES;
				CLANG_WARN_CONSTANT_CONVERSION = YES;
				CLANG_WARN_DEPRECATED_OBJC_IMPLEMENTATIONS = YES;
				CLANG_WARN_DIRECT_OBJC_ISA_USAGE = YES_ERROR;
				CLANG_WARN_DOCUMENTATION_COMMENTS = YES;
				CLANG_WARN_EMPTY_BODY = YES;
				CLANG_WARN_ENUM_CONVERSION = YES;
				CLANG_WARN_INFINITE_RECURSION = YES;
				CLANG_WARN_INT_CONVERSION = YES;
				CLANG_WARN_NON_LITERAL_NULL_CONVERSION = YES;
				CLANG_WARN_OBJC_IMPLICIT_RETAIN_SELF = YES;
				CLANG_WARN_OBJC_LITERAL_CONVERSION = YES;
				CLANG_WARN_OBJC_ROOT_CLASS = YES_ERROR;
				CLANG_WARN_QUOTED_INCLUDE_IN_FRAMEWORK_HEADER = YES;
				CLANG_WARN_RANGE_LOOP_ANALYSIS = YES;
				CLANG_WARN_STRICT_PROTOTYPES = YES;
				CLANG_WARN_SUSPICIOUS_MOVE = YES;
				CLANG_WARN_UNGUARDED_AVAILABILITY = YES_AGGRESSIVE;
				CLANG_WARN_UNREACHABLE_CODE = YES;
				CLANG_WARN__DUPLICATE_METHOD_MATCH = YES;
				COPY_PHASE_STRIP = NO;
				DEBUG_INFORMATION_FORMAT = "dwarf-with-dsym";
				DEVELOPMENT_TEAM = 846WZ8H33D;
				ENABLE_NS_ASSERTIONS = NO;
				ENABLE_STRICT_OBJC_MSGSEND = YES;
				ENABLE_USER_SCRIPT_SANDBOXING = YES;
				GCC_C_LANGUAGE_STANDARD = gnu17;
				GCC_NO_COMMON_BLOCKS = YES;
				GCC_WARN_64_TO_32_BIT_CONVERSION = YES;
				GCC_WARN_ABOUT_RETURN_TYPE = YES_ERROR;
				GCC_WARN_UNDECLARED_SELECTOR = YES;
				GCC_WARN_UNINITIALIZED_AUTOS = YES_AGGRESSIVE;
				GCC_WARN_UNUSED_FUNCTION = YES;
				GCC_WARN_UNUSED_VARIABLE = YES;
				LOCALIZATION_PREFERS_STRING_CATALOGS = YES;
				MTL_ENABLE_DEBUG_INFO = NO;
				MTL_FAST_MATH = YES;
				SWIFT_COMPILATION_MODE = wholemodule;
			};
			name = Release;
		};
		2FBC284B2EF568CE00BEF981 /* Debug */ = {
			isa = XCBuildConfiguration;
			buildSettings = {
				ASSETCATALOG_COMPILER_APPICON_NAME = AppIcon;
				ASSETCATALOG_COMPILER_GLOBAL_ACCENT_COLOR_NAME = AccentColor;
				CODE_SIGN_ENTITLEMENTS = concertjournal/concertjournal.entitlements;
				CODE_SIGN_STYLE = Automatic;
				CURRENT_PROJECT_VERSION = 1;
				DEVELOPMENT_TEAM = 846WZ8H33D;
				ENABLE_APP_SANDBOX = YES;
				ENABLE_HARDENED_RUNTIME = YES;
				ENABLE_PREVIEWS = YES;
				ENABLE_USER_SELECTED_FILES = readonly;
				GENERATE_INFOPLIST_FILE = YES;
				INFOPLIST_FILE = concertjournal/Info.plist;
				INFOPLIST_KEY_LSApplicationCategoryType = "public.app-category.lifestyle";
				INFOPLIST_KEY_NSCalendarsUsageDescription = "Wir benötigen Zugriff auf deinen Kalender, um Konzerte zu speichern.";
				"INFOPLIST_KEY_UIApplicationSceneManifest_Generation[sdk=iphoneos*]" = YES;
				"INFOPLIST_KEY_UIApplicationSceneManifest_Generation[sdk=iphonesimulator*]" = YES;
				"INFOPLIST_KEY_UIApplicationSupportsIndirectInputEvents[sdk=iphoneos*]" = YES;
				"INFOPLIST_KEY_UIApplicationSupportsIndirectInputEvents[sdk=iphonesimulator*]" = YES;
				"INFOPLIST_KEY_UILaunchScreen_Generation[sdk=iphoneos*]" = YES;
				"INFOPLIST_KEY_UILaunchScreen_Generation[sdk=iphonesimulator*]" = YES;
				"INFOPLIST_KEY_UIStatusBarStyle[sdk=iphoneos*]" = UIStatusBarStyleDefault;
				"INFOPLIST_KEY_UIStatusBarStyle[sdk=iphonesimulator*]" = UIStatusBarStyleDefault;
				INFOPLIST_KEY_UISupportedInterfaceOrientations_iPad = "UIInterfaceOrientationPortrait UIInterfaceOrientationPortraitUpsideDown UIInterfaceOrientationLandscapeLeft UIInterfaceOrientationLandscapeRight";
				INFOPLIST_KEY_UISupportedInterfaceOrientations_iPhone = "UIInterfaceOrientationPortrait UIInterfaceOrientationLandscapeLeft UIInterfaceOrientationLandscapeRight";
				IPHONEOS_DEPLOYMENT_TARGET = 26.2;
				LD_RUNPATH_SEARCH_PATHS = "@executable_path/Frameworks";
				"LD_RUNPATH_SEARCH_PATHS[sdk=macosx*]" = "@executable_path/../Frameworks";
				MACOSX_DEPLOYMENT_TARGET = 26.2;
				MARKETING_VERSION = 1.0;
				PRODUCT_BUNDLE_IDENTIFIER = de.kuehnel.concertjournal;
				PRODUCT_NAME = "$(TARGET_NAME)";
				REGISTER_APP_GROUPS = YES;
				SDKROOT = auto;
				STRING_CATALOG_GENERATE_SYMBOLS = YES;
				SUPPORTED_PLATFORMS = "iphoneos iphonesimulator macosx xros xrsimulator";
				SWIFT_APPROACHABLE_CONCURRENCY = YES;
				SWIFT_DEFAULT_ACTOR_ISOLATION = MainActor;
				SWIFT_EMIT_LOC_STRINGS = YES;
				SWIFT_UPCOMING_FEATURE_MEMBER_IMPORT_VISIBILITY = YES;
				SWIFT_VERSION = 5.0;
				TARGETED_DEVICE_FAMILY = "1,2,7";
				XROS_DEPLOYMENT_TARGET = 26.2;
			};
			name = Debug;
		};
		2FBC284C2EF568CE00BEF981 /* Release */ = {
			isa = XCBuildConfiguration;
			buildSettings = {
				ASSETCATALOG_COMPILER_APPICON_NAME = AppIcon;
				ASSETCATALOG_COMPILER_GLOBAL_ACCENT_COLOR_NAME = AccentColor;
				CODE_SIGN_ENTITLEMENTS = concertjournal/concertjournal.entitlements;
				CODE_SIGN_STYLE = Automatic;
				CURRENT_PROJECT_VERSION = 1;
				DEVELOPMENT_TEAM = 846WZ8H33D;
				ENABLE_APP_SANDBOX = YES;
				ENABLE_HARDENED_RUNTIME = YES;
				ENABLE_PREVIEWS = YES;
				ENABLE_USER_SELECTED_FILES = readonly;
				GENERATE_INFOPLIST_FILE = YES;
				INFOPLIST_FILE = concertjournal/Info.plist;
				INFOPLIST_KEY_LSApplicationCategoryType = "public.app-category.lifestyle";
				INFOPLIST_KEY_NSCalendarsUsageDescription = "Wir benötigen Zugriff auf deinen Kalender, um Konzerte zu speichern.";
				"INFOPLIST_KEY_UIApplicationSceneManifest_Generation[sdk=iphoneos*]" = YES;
				"INFOPLIST_KEY_UIApplicationSceneManifest_Generation[sdk=iphonesimulator*]" = YES;
				"INFOPLIST_KEY_UIApplicationSupportsIndirectInputEvents[sdk=iphoneos*]" = YES;
				"INFOPLIST_KEY_UIApplicationSupportsIndirectInputEvents[sdk=iphonesimulator*]" = YES;
				"INFOPLIST_KEY_UILaunchScreen_Generation[sdk=iphoneos*]" = YES;
				"INFOPLIST_KEY_UILaunchScreen_Generation[sdk=iphonesimulator*]" = YES;
				"INFOPLIST_KEY_UIStatusBarStyle[sdk=iphoneos*]" = UIStatusBarStyleDefault;
				"INFOPLIST_KEY_UIStatusBarStyle[sdk=iphonesimulator*]" = UIStatusBarStyleDefault;
				INFOPLIST_KEY_UISupportedInterfaceOrientations_iPad = "UIInterfaceOrientationPortrait UIInterfaceOrientationPortraitUpsideDown UIInterfaceOrientationLandscapeLeft UIInterfaceOrientationLandscapeRight";
				INFOPLIST_KEY_UISupportedInterfaceOrientations_iPhone = "UIInterfaceOrientationPortrait UIInterfaceOrientationLandscapeLeft UIInterfaceOrientationLandscapeRight";
				IPHONEOS_DEPLOYMENT_TARGET = 26.2;
				LD_RUNPATH_SEARCH_PATHS = "@executable_path/Frameworks";
				"LD_RUNPATH_SEARCH_PATHS[sdk=macosx*]" = "@executable_path/../Frameworks";
				MACOSX_DEPLOYMENT_TARGET = 26.2;
				MARKETING_VERSION = 1.0;
				PRODUCT_BUNDLE_IDENTIFIER = de.kuehnel.concertjournal;
				PRODUCT_NAME = "$(TARGET_NAME)";
				REGISTER_APP_GROUPS = YES;
				SDKROOT = auto;
				STRING_CATALOG_GENERATE_SYMBOLS = YES;
				SUPPORTED_PLATFORMS = "iphoneos iphonesimulator macosx xros xrsimulator";
				SWIFT_APPROACHABLE_CONCURRENCY = YES;
				SWIFT_DEFAULT_ACTOR_ISOLATION = MainActor;
				SWIFT_EMIT_LOC_STRINGS = YES;
				SWIFT_UPCOMING_FEATURE_MEMBER_IMPORT_VISIBILITY = YES;
				SWIFT_VERSION = 5.0;
				TARGETED_DEVICE_FAMILY = "1,2,7";
				XROS_DEPLOYMENT_TARGET = 26.2;
			};
			name = Release;
		};
		2FBC284E2EF568CE00BEF981 /* Debug */ = {
			isa = XCBuildConfiguration;
			buildSettings = {
				BUNDLE_LOADER = "$(TEST_HOST)";
				CODE_SIGN_STYLE = Automatic;
				CURRENT_PROJECT_VERSION = 1;
				DEVELOPMENT_TEAM = 846WZ8H33D;
				GENERATE_INFOPLIST_FILE = YES;
				IPHONEOS_DEPLOYMENT_TARGET = 26.2;
				MACOSX_DEPLOYMENT_TARGET = 26.2;
				MARKETING_VERSION = 1.0;
				PRODUCT_BUNDLE_IDENTIFIER = de.kuehnel.concertjournalTests;
				PRODUCT_NAME = "$(TARGET_NAME)";
				SDKROOT = auto;
				STRING_CATALOG_GENERATE_SYMBOLS = NO;
				SUPPORTED_PLATFORMS = "iphoneos iphonesimulator macosx xros xrsimulator";
				SWIFT_APPROACHABLE_CONCURRENCY = YES;
				SWIFT_EMIT_LOC_STRINGS = NO;
				SWIFT_UPCOMING_FEATURE_MEMBER_IMPORT_VISIBILITY = YES;
				SWIFT_VERSION = 5.0;
				TARGETED_DEVICE_FAMILY = "1,2,7";
				TEST_HOST = "$(BUILT_PRODUCTS_DIR)/concertjournal.app/$(BUNDLE_EXECUTABLE_FOLDER_PATH)/concertjournal";
				XROS_DEPLOYMENT_TARGET = 26.2;
			};
			name = Debug;
		};
		2FBC284F2EF568CE00BEF981 /* Release */ = {
			isa = XCBuildConfiguration;
			buildSettings = {
				BUNDLE_LOADER = "$(TEST_HOST)";
				CODE_SIGN_STYLE = Automatic;
				CURRENT_PROJECT_VERSION = 1;
				DEVELOPMENT_TEAM = 846WZ8H33D;
				GENERATE_INFOPLIST_FILE = YES;
				IPHONEOS_DEPLOYMENT_TARGET = 26.2;
				MACOSX_DEPLOYMENT_TARGET = 26.2;
				MARKETING_VERSION = 1.0;
				PRODUCT_BUNDLE_IDENTIFIER = de.kuehnel.concertjournalTests;
				PRODUCT_NAME = "$(TARGET_NAME)";
				SDKROOT = auto;
				STRING_CATALOG_GENERATE_SYMBOLS = NO;
				SUPPORTED_PLATFORMS = "iphoneos iphonesimulator macosx xros xrsimulator";
				SWIFT_APPROACHABLE_CONCURRENCY = YES;
				SWIFT_EMIT_LOC_STRINGS = NO;
				SWIFT_UPCOMING_FEATURE_MEMBER_IMPORT_VISIBILITY = YES;
				SWIFT_VERSION = 5.0;
				TARGETED_DEVICE_FAMILY = "1,2,7";
				TEST_HOST = "$(BUILT_PRODUCTS_DIR)/concertjournal.app/$(BUNDLE_EXECUTABLE_FOLDER_PATH)/concertjournal";
				XROS_DEPLOYMENT_TARGET = 26.2;
			};
			name = Release;
		};
		2FBC28512EF568CE00BEF981 /* Debug */ = {
			isa = XCBuildConfiguration;
			buildSettings = {
				CODE_SIGN_STYLE = Automatic;
				CURRENT_PROJECT_VERSION = 1;
				DEVELOPMENT_TEAM = 846WZ8H33D;
				GENERATE_INFOPLIST_FILE = YES;
				IPHONEOS_DEPLOYMENT_TARGET = 26.2;
				MACOSX_DEPLOYMENT_TARGET = 26.2;
				MARKETING_VERSION = 1.0;
				PRODUCT_BUNDLE_IDENTIFIER = de.kuehnel.concertjournalUITests;
				PRODUCT_NAME = "$(TARGET_NAME)";
				SDKROOT = auto;
				STRING_CATALOG_GENERATE_SYMBOLS = NO;
				SUPPORTED_PLATFORMS = "iphoneos iphonesimulator macosx xros xrsimulator";
				SWIFT_APPROACHABLE_CONCURRENCY = YES;
				SWIFT_EMIT_LOC_STRINGS = NO;
				SWIFT_UPCOMING_FEATURE_MEMBER_IMPORT_VISIBILITY = YES;
				SWIFT_VERSION = 5.0;
				TARGETED_DEVICE_FAMILY = "1,2,7";
				TEST_TARGET_NAME = concertjournal;
				XROS_DEPLOYMENT_TARGET = 26.2;
			};
			name = Debug;
		};
		2FBC28522EF568CE00BEF981 /* Release */ = {
			isa = XCBuildConfiguration;
			buildSettings = {
				CODE_SIGN_STYLE = Automatic;
				CURRENT_PROJECT_VERSION = 1;
				DEVELOPMENT_TEAM = 846WZ8H33D;
				GENERATE_INFOPLIST_FILE = YES;
				IPHONEOS_DEPLOYMENT_TARGET = 26.2;
				MACOSX_DEPLOYMENT_TARGET = 26.2;
				MARKETING_VERSION = 1.0;
				PRODUCT_BUNDLE_IDENTIFIER = de.kuehnel.concertjournalUITests;
				PRODUCT_NAME = "$(TARGET_NAME)";
				SDKROOT = auto;
				STRING_CATALOG_GENERATE_SYMBOLS = NO;
				SUPPORTED_PLATFORMS = "iphoneos iphonesimulator macosx xros xrsimulator";
				SWIFT_APPROACHABLE_CONCURRENCY = YES;
				SWIFT_EMIT_LOC_STRINGS = NO;
				SWIFT_UPCOMING_FEATURE_MEMBER_IMPORT_VISIBILITY = YES;
				SWIFT_VERSION = 5.0;
				TARGETED_DEVICE_FAMILY = "1,2,7";
				TEST_TARGET_NAME = concertjournal;
				XROS_DEPLOYMENT_TARGET = 26.2;
			};
			name = Release;
		};
		87D2DAAF2F3BA0EC0002C037 /* Debug */ = {
			isa = XCBuildConfiguration;
			buildSettings = {
				CODE_SIGN_ENTITLEMENTS = ConcertJournalShareExtension/ConcertJournalShareExtension.entitlements;
				CODE_SIGN_STYLE = Automatic;
				COMBINE_HIDPI_IMAGES = YES;
				CURRENT_PROJECT_VERSION = 1;
				DEVELOPMENT_TEAM = 846WZ8H33D;
				ENABLE_APP_SANDBOX = YES;
				ENABLE_HARDENED_RUNTIME = YES;
				ENABLE_USER_SELECTED_FILES = readonly;
				GENERATE_INFOPLIST_FILE = YES;
				INFOPLIST_FILE = ConcertJournalShareExtension/Info.plist;
				INFOPLIST_KEY_CFBundleDisplayName = ConcertJournalShareExtension;
				INFOPLIST_KEY_NSHumanReadableCopyright = "";
				LD_RUNPATH_SEARCH_PATHS = (
					"$(inherited)",
					"@executable_path/../Frameworks",
					"@executable_path/../../../../Frameworks",
				);
				MACOSX_DEPLOYMENT_TARGET = 26.2;
				MARKETING_VERSION = 1.0;
				PRODUCT_BUNDLE_IDENTIFIER = de.kuehnel.concertjournal.ConcertJournalShareExtension;
				PRODUCT_NAME = "$(TARGET_NAME)";
				REGISTER_APP_GROUPS = YES;
				SDKROOT = macosx;
				SKIP_INSTALL = YES;
				STRING_CATALOG_GENERATE_SYMBOLS = YES;
				SUPPORTED_PLATFORMS = "iphoneos iphonesimulator macosx";
				SUPPORTS_MACCATALYST = NO;
				SWIFT_APPROACHABLE_CONCURRENCY = YES;
				SWIFT_EMIT_LOC_STRINGS = YES;
				SWIFT_UPCOMING_FEATURE_MEMBER_IMPORT_VISIBILITY = YES;
				SWIFT_VERSION = 5.0;
				TARGETED_DEVICE_FAMILY = 1;
			};
			name = Debug;
		};
		87D2DAB02F3BA0EC0002C037 /* Release */ = {
			isa = XCBuildConfiguration;
			buildSettings = {
				CODE_SIGN_ENTITLEMENTS = ConcertJournalShareExtension/ConcertJournalShareExtension.entitlements;
				CODE_SIGN_STYLE = Automatic;
				COMBINE_HIDPI_IMAGES = YES;
				CURRENT_PROJECT_VERSION = 1;
				DEVELOPMENT_TEAM = 846WZ8H33D;
				ENABLE_APP_SANDBOX = YES;
				ENABLE_HARDENED_RUNTIME = YES;
				ENABLE_USER_SELECTED_FILES = readonly;
				GENERATE_INFOPLIST_FILE = YES;
				INFOPLIST_FILE = ConcertJournalShareExtension/Info.plist;
				INFOPLIST_KEY_CFBundleDisplayName = ConcertJournalShareExtension;
				INFOPLIST_KEY_NSHumanReadableCopyright = "";
				LD_RUNPATH_SEARCH_PATHS = (
					"$(inherited)",
					"@executable_path/../Frameworks",
					"@executable_path/../../../../Frameworks",
				);
				MACOSX_DEPLOYMENT_TARGET = 26.2;
				MARKETING_VERSION = 1.0;
				PRODUCT_BUNDLE_IDENTIFIER = de.kuehnel.concertjournal.ConcertJournalShareExtension;
				PRODUCT_NAME = "$(TARGET_NAME)";
				REGISTER_APP_GROUPS = YES;
				SDKROOT = macosx;
				SKIP_INSTALL = YES;
				STRING_CATALOG_GENERATE_SYMBOLS = YES;
				SUPPORTED_PLATFORMS = "iphoneos iphonesimulator macosx";
				SUPPORTS_MACCATALYST = NO;
				SWIFT_APPROACHABLE_CONCURRENCY = YES;
				SWIFT_EMIT_LOC_STRINGS = YES;
				SWIFT_UPCOMING_FEATURE_MEMBER_IMPORT_VISIBILITY = YES;
				SWIFT_VERSION = 5.0;
				TARGETED_DEVICE_FAMILY = 1;
			};
			name = Release;
		};
/* End XCBuildConfiguration section */

/* Begin XCConfigurationList section */
		2FBC28242EF568CC00BEF981 /* Build configuration list for PBXProject "concertjournal" */ = {
			isa = XCConfigurationList;
			buildConfigurations = (
				2FBC28482EF568CE00BEF981 /* Debug */,
				2FBC28492EF568CE00BEF981 /* Release */,
			);
			defaultConfigurationIsVisible = 0;
			defaultConfigurationName = Release;
		};
		2FBC284A2EF568CE00BEF981 /* Build configuration list for PBXNativeTarget "concertjournal" */ = {
			isa = XCConfigurationList;
			buildConfigurations = (
				2FBC284B2EF568CE00BEF981 /* Debug */,
				2FBC284C2EF568CE00BEF981 /* Release */,
			);
			defaultConfigurationIsVisible = 0;
			defaultConfigurationName = Release;
		};
		2FBC284D2EF568CE00BEF981 /* Build configuration list for PBXNativeTarget "concertjournalTests" */ = {
			isa = XCConfigurationList;
			buildConfigurations = (
				2FBC284E2EF568CE00BEF981 /* Debug */,
				2FBC284F2EF568CE00BEF981 /* Release */,
			);
			defaultConfigurationIsVisible = 0;
			defaultConfigurationName = Release;
		};
		2FBC28502EF568CE00BEF981 /* Build configuration list for PBXNativeTarget "concertjournalUITests" */ = {
			isa = XCConfigurationList;
			buildConfigurations = (
				2FBC28512EF568CE00BEF981 /* Debug */,
				2FBC28522EF568CE00BEF981 /* Release */,
			);
			defaultConfigurationIsVisible = 0;
			defaultConfigurationName = Release;
		};
		87D2DAAE2F3BA0EC0002C037 /* Build configuration list for PBXNativeTarget "ConcertJournalShareExtension" */ = {
			isa = XCConfigurationList;
			buildConfigurations = (
				87D2DAAF2F3BA0EC0002C037 /* Debug */,
				87D2DAB02F3BA0EC0002C037 /* Release */,
			);
			defaultConfigurationIsVisible = 0;
			defaultConfigurationName = Release;
		};
/* End XCConfigurationList section */

/* Begin XCRemoteSwiftPackageReference section */
		2F49FD9D2F1C20B000B630EF /* XCRemoteSwiftPackageReference "Zoomable" */ = {
			isa = XCRemoteSwiftPackageReference;
			repositoryURL = "https://github.com/ryohey/Zoomable.git";
			requirement = {
				branch = main;
				kind = branch;
			};
		};
		2FBC28532EF56A8500BEF981 /* XCRemoteSwiftPackageReference "supabase-swift" */ = {
			isa = XCRemoteSwiftPackageReference;
			repositoryURL = "https://github.com/supabase/supabase-swift.git";
			requirement = {
				kind = upToNextMajorVersion;
				minimumVersion = 2.5.1;
			};
		};
		2FBC285A2EF56AE600BEF981 /* XCRemoteSwiftPackageReference "ios-sdk" */ = {
			isa = XCRemoteSwiftPackageReference;
			repositoryURL = "https://github.com/spotify/ios-sdk";
			requirement = {
				kind = upToNextMajorVersion;
				minimumVersion = 1.0.0;
			};
		};
/* End XCRemoteSwiftPackageReference section */

/* Begin XCSwiftPackageProductDependency section */
		2F49FD9E2F1C20B000B630EF /* Zoomable */ = {
			isa = XCSwiftPackageProductDependency;
			package = 2F49FD9D2F1C20B000B630EF /* XCRemoteSwiftPackageReference "Zoomable" */;
			productName = Zoomable;
		};
		2F68C7A62EF6374B000D9C1B /* Functions */ = {
			isa = XCSwiftPackageProductDependency;
			package = 2FBC28532EF56A8500BEF981 /* XCRemoteSwiftPackageReference "supabase-swift" */;
			productName = Functions;
		};
		2FBC28542EF56A8500BEF981 /* Auth */ = {
			isa = XCSwiftPackageProductDependency;
			package = 2FBC28532EF56A8500BEF981 /* XCRemoteSwiftPackageReference "supabase-swift" */;
			productName = Auth;
		};
		2FBC28562EF56A8500BEF981 /* PostgREST */ = {
			isa = XCSwiftPackageProductDependency;
			package = 2FBC28532EF56A8500BEF981 /* XCRemoteSwiftPackageReference "supabase-swift" */;
			productName = PostgREST;
		};
		2FBC28582EF56A8500BEF981 /* Storage */ = {
			isa = XCSwiftPackageProductDependency;
			package = 2FBC28532EF56A8500BEF981 /* XCRemoteSwiftPackageReference "supabase-swift" */;
			productName = Storage;
		};
		2FBC285B2EF56AE600BEF981 /* SpotifyiOS */ = {
			isa = XCSwiftPackageProductDependency;
			package = 2FBC285A2EF56AE600BEF981 /* XCRemoteSwiftPackageReference "ios-sdk" */;
			productName = SpotifyiOS;
		};
		2FBC28622EF56C3D00BEF981 /* Supabase */ = {
			isa = XCSwiftPackageProductDependency;
			package = 2FBC28532EF56A8500BEF981 /* XCRemoteSwiftPackageReference "supabase-swift" */;
			productName = Supabase;
		};
/* End XCSwiftPackageProductDependency section */
	};
	rootObject = 2FBC28212EF568CC00BEF981 /* Project object */;
}
